
Microsoft Visual Studio Solution File, Format Version 12.00
# Visual Studio 15
VisualStudioVersion = 15.0.26730.10
MinimumVisualStudioVersion = 10.0.40219.1
Project("{9A19103F-16F7-4668-BE54-9A1E7A4F7556}") = "Northwind.Store.Service", "Northwind.Store.Service\Northwind.Store.Service.csproj", "{D8FCC0FF-0119-47F7-8B0F-2D751389B18F}"
EndProject
Project("{9A19103F-16F7-4668-BE54-9A1E7A4F7556}") = "Northwind.Store.Data", "Northwind.Store.Data\Northwind.Store.Data.csproj", "{C7C0E6DB-7052-4712-96E5-86130141FA93}"
EndProject
Project("{9A19103F-16F7-4668-BE54-9A1E7A4F7556}") = "Northwind.Store.Model", "Northwind.Store.Model\Northwind.Store.Model.csproj", "{0155C238-846E-4B7F-9E68-216C58F4F3C8}"
EndProject
Project("{9A19103F-16F7-4668-BE54-9A1E7A4F7556}") = "Northwind.Store.Notification", "Northwind.Store.Notification\Northwind.Store.Notification.csproj", "{169401F8-5AAA-45FC-82A8-C79294E58E86}"
EndProject
Project("{9A19103F-16F7-4668-BE54-9A1E7A4F7556}") = "Northwind.Store.UI.Intranet", "Northwind.Store.UI.Intranet\Northwind.Store.UI.Intranet.csproj", "{35F983A2-DD13-40FC-B2C7-3C8B001D96AD}"
EndProject
Project("{9A19103F-16F7-4668-BE54-9A1E7A4F7556}") = "Northwind.Store.UI.Web.Internet", "Northwind.Store.UI.Web.Internet\Northwind.Store.UI.Web.Internet.csproj", "{F12B58BD-9BBC-4443-A883-34AE7802481A}"
EndProject
Global
	GlobalSection(SolutionConfigurationPlatforms) = preSolution
		Debug|Any CPU = Debug|Any CPU
		Release|Any CPU = Release|Any CPU
	EndGlobalSection
	GlobalSection(ProjectConfigurationPlatforms) = postSolution
		{D8FCC0FF-0119-47F7-8B0F-2D751389B18F}.Debug|Any CPU.ActiveCfg = Debug|Any CPU
		{D8FCC0FF-0119-47F7-8B0F-2D751389B18F}.Debug|Any CPU.Build.0 = Debug|Any CPU
		{D8FCC0FF-0119-47F7-8B0F-2D751389B18F}.Release|Any CPU.ActiveCfg = Release|Any CPU
		{D8FCC0FF-0119-47F7-8B0F-2D751389B18F}.Release|Any CPU.Build.0 = Release|Any CPU
		{C7C0E6DB-7052-4712-96E5-86130141FA93}.Debug|Any CPU.ActiveCfg = Debug|Any CPU
		{C7C0E6DB-7052-4712-96E5-86130141FA93}.Debug|Any CPU.Build.0 = Debug|Any CPU
		{C7C0E6DB-7052-4712-96E5-86130141FA93}.Release|Any CPU.ActiveCfg = Release|Any CPU
		{C7C0E6DB-7052-4712-96E5-86130141FA93}.Release|Any CPU.Build.0 = Release|Any CPU
		{0155C238-846E-4B7F-9E68-216C58F4F3C8}.Debug|Any CPU.ActiveCfg = Debug|Any CPU
		{0155C238-846E-4B7F-9E68-216C58F4F3C8}.Debug|Any CPU.Build.0 = Debug|Any CPU
		{0155C238-846E-4B7F-9E68-216C58F4F3C8}.Release|Any CPU.ActiveCfg = Release|Any CPU
		{0155C238-846E-4B7F-9E68-216C58F4F3C8}.Release|Any CPU.Build.0 = Release|Any CPU
		{169401F8-5AAA-45FC-82A8-C79294E58E86}.Debug|Any CPU.ActiveCfg = Debug|Any CPU
		{169401F8-5AAA-45FC-82A8-C79294E58E86}.Debug|Any CPU.Build.0 = Debug|Any CPU
		{169401F8-5AAA-45FC-82A8-C79294E58E86}.Release|Any CPU.ActiveCfg = Release|Any CPU
		{169401F8-5AAA-45FC-82A8-C79294E58E86}.Release|Any CPU.Build.0 = Release|Any CPU
		{35F983A2-DD13-40FC-B2C7-3C8B001D96AD}.Debug|Any CPU.ActiveCfg = Debug|Any CPU
		{35F983A2-DD13-40FC-B2C7-3C8B001D96AD}.Debug|Any CPU.Build.0 = Debug|Any CPU
		{35F983A2-DD13-40FC-B2C7-3C8B001D96AD}.Release|Any CPU.ActiveCfg = Release|Any CPU
		{35F983A2-DD13-40FC-B2C7-3C8B001D96AD}.Release|Any CPU.Build.0 = Release|Any CPU
		{F12B58BD-9BBC-4443-A883-34AE7802481A}.Debug|Any CPU.ActiveCfg = Debug|Any CPU
		{F12B58BD-9BBC-4443-A883-34AE7802481A}.Debug|Any CPU.Build.0 = Debug|Any CPU
		{F12B58BD-9BBC-4443-A883-34AE7802481A}.Release|Any CPU.ActiveCfg = Release|Any CPU
		{F12B58BD-9BBC-4443-A883-34AE7802481A}.Release|Any CPU.Build.0 = Release|Any CPU
	EndGlobalSection
	GlobalSection(SolutionProperties) = preSolution
		HideSolutionNode = FALSE
	EndGlobalSection
	GlobalSection(ExtensibilityGlobals) = postSolution
		SolutionGuid = {D53DC982-0AF1-42C9-824D-4ADAB540886F}
	EndGlobalSection
EndGlobal
